# THIS IS AN AUTOGENERATED FILE. DO NOT EDIT THIS FILE DIRECTLY.
# yarn lockfile v1


"@esy-ocaml/esy-installer@^0.0.0":
  version "0.0.0"
  resolved "https://registry.yarnpkg.com/@esy-ocaml/esy-installer/-/esy-installer-0.0.0.tgz#6b0e2bd4ee43531ac74793fe55cfcc3aca197a66"

"@esy-ocaml/substs@^0.0.1":
  version "0.0.1"
  resolved "https://registry.yarnpkg.com/@esy-ocaml/substs/-/substs-0.0.1.tgz#59ebdbbaedcda123fc7ed8fb2b302b7d819e9a46"

"@opam/conf-m4@*":
  version "1.0.0"
  uid "97f0966b2e2652d02c0d9125781c31df"
  resolved "@opam/conf-m4@1.0.0-97f0966b2e2652d02c0d9125781c31df.tgz"
  dependencies:
    "@esy-ocaml/esy-installer" "^0.0.0"
    "@esy-ocaml/substs" "^0.0.1"
  peerDependencies:
    ocaml "*"

"@opam/jbuilder@^1.0.0-beta16":
  version "1.0.0-beta16"
  uid "268cea30119d82b294b8a8333019a3d6"
  resolved "@opam/jbuilder@1.0.0-beta16-268cea30119d82b294b8a8333019a3d6.tgz"
  dependencies:
    "@esy-ocaml/esy-installer" "^0.0.0"
    "@esy-ocaml/substs" "^0.0.1"
    "@opam/ocamlfind" "*"
  peerDependencies:
    ocaml " >= 4.2.3"

"@opam/ocamlfind@*":
  version "1.7.3--1"
  uid "2e5446e160cfd1aae7944b2f7add39b7"
  resolved "@opam/ocamlfind@1.7.3--1-2e5446e160cfd1aae7944b2f7add39b7.tgz"
  dependencies:
    "@esy-ocaml/esy-installer" "^0.0.0"
    "@esy-ocaml/substs" "^0.0.1"
    "@opam/conf-m4" "*"
  peerDependencies:
    ocaml " >= 3.12.0"

ocaml@~4.6.1:
  version "4.6.1"
  resolved "https://registry.yarnpkg.com/ocaml/-/ocaml-4.6.1.tgz#8babea2c41a9f734313b4fc1841ec0963c9d7a07"

ocamlstripdebug@andreypopp/ocamlstripdebug:
  version "0.1.0"
  resolved "https://codeload.github.com/andreypopp/ocamlstripdebug/tar.gz/de74dde09f804346fa72d6174be5765a4b2a4bb2"
  dependencies:
    "@esy-ocaml/esy-installer" "^0.0.0"
    "@opam/jbuilder" "^1.0.0-beta16"
  peerDependencies:
    ocaml "*"
